
Microsoft Visual Studio Solution File, Format Version 12.00
# Visual Studio Version 17
VisualStudioVersion = 17.9.34723.18
MinimumVisualStudioVersion = 10.0.40219.1
Project("{FAE04EC0-301F-11D3-BF4B-00C04F79EFBC}") = "TypesOfClasses", "TypesOfClasses.csproj", "{68A1E980-05AE-4088-BFCD-6C5607D268E1}"
EndProject
Project("{FAE04EC0-301F-11D3-BF4B-00C04F79EFBC}") = "PartialClassDemo240524", "..\PartialClassDemo240524\PartialClassDemo240524.csproj", "{A72A102D-B5F9-4949-B271-22B666F4F2DE}"
EndProject
Project("{FAE04EC0-301F-11D3-BF4B-00C04F79EFBC}") = "NestedClass270524", "..\NestedClass270524\NestedClass270524.csproj", "{E0781C44-4950-4ED4-AE46-5A3778E98B41}"
EndProject
Global
	GlobalSection(SolutionConfigurationPlatforms) = preSolution
		Debug|Any CPU = Debug|Any CPU
		Release|Any CPU = Release|Any CPU
	EndGlobalSection
	GlobalSection(ProjectConfigurationPlatforms) = postSolution
		{68A1E980-05AE-4088-BFCD-6C5607D268E1}.Debug|Any CPU.ActiveCfg = Debug|Any CPU
		{68A1E980-05AE-4088-BFCD-6C5607D268E1}.Debug|Any CPU.Build.0 = Debug|Any CPU
		{68A1E980-05AE-4088-BFCD-6C5607D268E1}.Release|Any CPU.ActiveCfg = Release|Any CPU
		{68A1E980-05AE-4088-BFCD-6C5607D268E1}.Release|Any CPU.Build.0 = Release|Any CPU
		{A72A102D-B5F9-4949-B271-22B666F4F2DE}.Debug|Any CPU.ActiveCfg = Debug|Any CPU
		{A72A102D-B5F9-4949-B271-22B666F4F2DE}.Debug|Any CPU.Build.0 = Debug|Any CPU
		{A72A102D-B5F9-4949-B271-22B666F4F2DE}.Release|Any CPU.ActiveCfg = Release|Any CPU
		{A72A102D-B5F9-4949-B271-22B666F4F2DE}.Release|Any CPU.Build.0 = Release|Any CPU
		{E0781C44-4950-4ED4-AE46-5A3778E98B41}.Debug|Any CPU.ActiveCfg = Debug|Any CPU
		{E0781C44-4950-4ED4-AE46-5A3778E98B41}.Debug|Any CPU.Build.0 = Debug|Any CPU
		{E0781C44-4950-4ED4-AE46-5A3778E98B41}.Release|Any CPU.ActiveCfg = Release|Any CPU
		{E0781C44-4950-4ED4-AE46-5A3778E98B41}.Release|Any CPU.Build.0 = Release|Any CPU
	EndGlobalSection
	GlobalSection(SolutionProperties) = preSolution
		HideSolutionNode = FALSE
	EndGlobalSection
	GlobalSection(ExtensibilityGlobals) = postSolution
		SolutionGuid = {84856827-6273-453F-989D-1CD970C709FF}
	EndGlobalSection
EndGlobal
